
Microsoft Visual Studio Solution File, Format Version 12.00
# Visual Studio Version 17
VisualStudioVersion = 17.4.33213.308
MinimumVisualStudioVersion = 10.0.40219.1
Project("{9A19103F-16F7-4668-BE54-9A1E7A4F7556}") = "PhoneNumberFormatter", "PhoneNumberFormatter.csproj", "{3955752B-C3D5-45AB-8DA1-B19AE7942BE4}"
EndProject
Global
	GlobalSection(SolutionConfigurationPlatforms) = preSolution
		Debug|Any CPU = Debug|Any CPU
		Release|Any CPU = Release|Any CPU
	EndGlobalSection
	GlobalSection(ProjectConfigurationPlatforms) = postSolution
		{3955752B-C3D5-45AB-8DA1-B19AE7942BE4}.Debug|Any CPU.ActiveCfg = Debug|Any CPU
		{3955752B-C3D5-45AB-8DA1-B19AE7942BE4}.Debug|Any CPU.Build.0 = Debug|Any CPU
		{3955752B-C3D5-45AB-8DA1-B19AE7942BE4}.Release|Any CPU.ActiveCfg = Release|Any CPU
		{3955752B-C3D5-45AB-8DA1-B19AE7942BE4}.Release|Any CPU.Build.0 = Release|Any CPU
	EndGlobalSection
	GlobalSection(SolutionProperties) = preSolution
		HideSolutionNode = FALSE
	EndGlobalSection
	GlobalSection(ExtensibilityGlobals) = postSolution
		SolutionGuid = {B2499D24-C6F0-4E44-8F16-6B9FF1E809C1}
	EndGlobalSection
EndGlobal
