
Microsoft Visual Studio Solution File, Format Version 12.00
# Visual Studio Version 16
VisualStudioVersion = 16.0.31410.357
MinimumVisualStudioVersion = 10.0.40219.1
Project("{FAE04EC0-301F-11D3-BF4B-00C04F79EFBC}") = "SelectForm", "SelectForm\SelectForm.csproj", "{B718075E-F6A0-4D8B-B9A1-0F4C8EE76B94}"
EndProject
Global
	GlobalSection(SolutionConfigurationPlatforms) = preSolution
		Debug|Any CPU = Debug|Any CPU
		Release|Any CPU = Release|Any CPU
	EndGlobalSection
	GlobalSection(ProjectConfigurationPlatforms) = postSolution
		{B718075E-F6A0-4D8B-B9A1-0F4C8EE76B94}.Debug|Any CPU.ActiveCfg = Debug|Any CPU
		{B718075E-F6A0-4D8B-B9A1-0F4C8EE76B94}.Debug|Any CPU.Build.0 = Debug|Any CPU
		{B718075E-F6A0-4D8B-B9A1-0F4C8EE76B94}.Release|Any CPU.ActiveCfg = Release|Any CPU
		{B718075E-F6A0-4D8B-B9A1-0F4C8EE76B94}.Release|Any CPU.Build.0 = Release|Any CPU
	EndGlobalSection
	GlobalSection(SolutionProperties) = preSolution
		HideSolutionNode = FALSE
	EndGlobalSection
	GlobalSection(ExtensibilityGlobals) = postSolution
		SolutionGuid = {3F03F900-C4C1-4CDD-B8C5-A435D6A08BFE}
	EndGlobalSection
EndGlobal
