
Microsoft Visual Studio Solution File, Format Version 12.00
# Visual Studio Version 16
VisualStudioVersion = 16.0.31410.357
MinimumVisualStudioVersion = 10.0.40219.1
Project("{FAE04EC0-301F-11D3-BF4B-00C04F79EFBC}") = "ManualMatching", "ManualMatching\ManualMatching.csproj", "{B6D5BFE7-60EF-4447-A02A-D4E09858B87D}"
EndProject
Global
	GlobalSection(SolutionConfigurationPlatforms) = preSolution
		Debug|Any CPU = Debug|Any CPU
		Release|Any CPU = Release|Any CPU
	EndGlobalSection
	GlobalSection(ProjectConfigurationPlatforms) = postSolution
		{B6D5BFE7-60EF-4447-A02A-D4E09858B87D}.Debug|Any CPU.ActiveCfg = Debug|Any CPU
		{B6D5BFE7-60EF-4447-A02A-D4E09858B87D}.Debug|Any CPU.Build.0 = Debug|Any CPU
		{B6D5BFE7-60EF-4447-A02A-D4E09858B87D}.Release|Any CPU.ActiveCfg = Release|Any CPU
		{B6D5BFE7-60EF-4447-A02A-D4E09858B87D}.Release|Any CPU.Build.0 = Release|Any CPU
	EndGlobalSection
	GlobalSection(SolutionProperties) = preSolution
		HideSolutionNode = FALSE
	EndGlobalSection
	GlobalSection(ExtensibilityGlobals) = postSolution
		SolutionGuid = {527041D9-70B6-4FD1-9A57-D94165CA5587}
	EndGlobalSection
EndGlobal
